
Microsoft Visual Studio Solution File, Format Version 12.00
# Visual Studio Version 17
VisualStudioVersion = 17.10.34928.147
MinimumVisualStudioVersion = 10.0.40219.1
Project("{FAE04EC0-301F-11D3-BF4B-00C04F79EFBC}") = "AV.Prexa.Quote.PopulateWordTemplate", "AV.Prexa.Quote.PopulateWordTemplate.csproj", "{20052A16-DB7B-466A-9DBD-C607B1B8331D}"
EndProject
Global
	GlobalSection(SolutionConfigurationPlatforms) = preSolution
		Debug|Any CPU = Debug|Any CPU
		Release|Any CPU = Release|Any CPU
	EndGlobalSection
	GlobalSection(ProjectConfigurationPlatforms) = postSolution
		{20052A16-DB7B-466A-9DBD-C607B1B8331D}.Debug|Any CPU.ActiveCfg = Debug|Any CPU
		{20052A16-DB7B-466A-9DBD-C607B1B8331D}.Debug|Any CPU.Build.0 = Debug|Any CPU
		{20052A16-DB7B-466A-9DBD-C607B1B8331D}.Release|Any CPU.ActiveCfg = Release|Any CPU
		{20052A16-DB7B-466A-9DBD-C607B1B8331D}.Release|Any CPU.Build.0 = Release|Any CPU
	EndGlobalSection
	GlobalSection(SolutionProperties) = preSolution
		HideSolutionNode = FALSE
	EndGlobalSection
	GlobalSection(ExtensibilityGlobals) = postSolution
		SolutionGuid = {50520958-E680-486E-AA64-1CC5D798429C}
	EndGlobalSection
EndGlobal
