
Microsoft Visual Studio Solution File, Format Version 12.00
# Visual Studio Version 17
VisualStudioVersion = 17.10.34928.147
MinimumVisualStudioVersion = 10.0.40219.1
Project("{FAE04EC0-301F-11D3-BF4B-00C04F79EFBC}") = "AV.Prexa.RentalReservation.PopulateWordTemplate", "AV.Prexa.RentalReservation.PopulateWordTemplate\AV.Prexa.RentalReservation.PopulateWordTemplate.csproj", "{0B041623-7DBD-4CAE-8D6D-F3914F4A73DB}"
EndProject
Global
	GlobalSection(SolutionConfigurationPlatforms) = preSolution
		Debug|Any CPU = Debug|Any CPU
		Release|Any CPU = Release|Any CPU
	EndGlobalSection
	GlobalSection(ProjectConfigurationPlatforms) = postSolution
		{0B041623-7DBD-4CAE-8D6D-F3914F4A73DB}.Debug|Any CPU.ActiveCfg = Debug|Any CPU
		{0B041623-7DBD-4CAE-8D6D-F3914F4A73DB}.Debug|Any CPU.Build.0 = Debug|Any CPU
		{0B041623-7DBD-4CAE-8D6D-F3914F4A73DB}.Release|Any CPU.ActiveCfg = Release|Any CPU
		{0B041623-7DBD-4CAE-8D6D-F3914F4A73DB}.Release|Any CPU.Build.0 = Release|Any CPU
	EndGlobalSection
	GlobalSection(SolutionProperties) = preSolution
		HideSolutionNode = FALSE
	EndGlobalSection
	GlobalSection(ExtensibilityGlobals) = postSolution
		SolutionGuid = {8C0E0244-DD50-4CAE-80E3-26D458632F6D}
	EndGlobalSection
EndGlobal
