
Microsoft Visual Studio Solution File, Format Version 12.00
# Visual Studio Version 17
VisualStudioVersion = 17.2.32505.173
MinimumVisualStudioVersion = 10.0.40219.1
Project("{FAE04EC0-301F-11D3-BF4B-00C04F79EFBC}") = "AV.Prexa.Plugins.InvoiceLineItem", "AV.Prexa.Plugins.InvoiceLineItem.csproj", "{49D40D63-61AF-4A9F-A72C-0B25373053A5}"
EndProject
Global
	GlobalSection(SolutionConfigurationPlatforms) = preSolution
		Debug|Any CPU = Debug|Any CPU
		Release|Any CPU = Release|Any CPU
	EndGlobalSection
	GlobalSection(ProjectConfigurationPlatforms) = postSolution
		{49D40D63-61AF-4A9F-A72C-0B25373053A5}.Debug|Any CPU.ActiveCfg = Debug|Any CPU
		{49D40D63-61AF-4A9F-A72C-0B25373053A5}.Debug|Any CPU.Build.0 = Debug|Any CPU
		{49D40D63-61AF-4A9F-A72C-0B25373053A5}.Release|Any CPU.ActiveCfg = Release|Any CPU
		{49D40D63-61AF-4A9F-A72C-0B25373053A5}.Release|Any CPU.Build.0 = Release|Any CPU
	EndGlobalSection
	GlobalSection(SolutionProperties) = preSolution
		HideSolutionNode = FALSE
	EndGlobalSection
	GlobalSection(ExtensibilityGlobals) = postSolution
		SolutionGuid = {D13388F9-1916-4AB1-90FA-1B47AF51E0A9}
	EndGlobalSection
EndGlobal
